
Microsoft Visual Studio Solution File, Format Version 12.00
# Visual Studio 14
VisualStudioVersion = 14.0.25420.1
MinimumVisualStudioVersion = 10.0.40219.1
Project("{FAE04EC0-301F-11D3-BF4B-00C04F79EFBC}") = "Nancy.Serilog", "Nancy.Serilog\Nancy.Serilog.csproj", "{82048530-8C76-4044-B9A4-D09C97CC910E}"
EndProject
Project("{FAE04EC0-301F-11D3-BF4B-00C04F79EFBC}") = "SelfhostedSample", "SelfhostedSample\SelfhostedSample.csproj", "{9B1D55EB-EE49-4525-94A3-A0CE4E208889}"
EndProject
Global
	GlobalSection(SolutionConfigurationPlatforms) = preSolution
		Debug|Any CPU = Debug|Any CPU
		Release|Any CPU = Release|Any CPU
	EndGlobalSection
	GlobalSection(ProjectConfigurationPlatforms) = postSolution
		{82048530-8C76-4044-B9A4-D09C97CC910E}.Debug|Any CPU.ActiveCfg = Debug|Any CPU
		{82048530-8C76-4044-B9A4-D09C97CC910E}.Debug|Any CPU.Build.0 = Debug|Any CPU
		{82048530-8C76-4044-B9A4-D09C97CC910E}.Release|Any CPU.ActiveCfg = Release|Any CPU
		{82048530-8C76-4044-B9A4-D09C97CC910E}.Release|Any CPU.Build.0 = Release|Any CPU
		{9B1D55EB-EE49-4525-94A3-A0CE4E208889}.Debug|Any CPU.ActiveCfg = Debug|Any CPU
		{9B1D55EB-EE49-4525-94A3-A0CE4E208889}.Debug|Any CPU.Build.0 = Debug|Any CPU
		{9B1D55EB-EE49-4525-94A3-A0CE4E208889}.Release|Any CPU.ActiveCfg = Release|Any CPU
		{9B1D55EB-EE49-4525-94A3-A0CE4E208889}.Release|Any CPU.Build.0 = Release|Any CPU
	EndGlobalSection
	GlobalSection(SolutionProperties) = preSolution
		HideSolutionNode = FALSE
	EndGlobalSection
EndGlobal
